# This file is automatically @generated by Cargo.
# It is not intended for manual editing.
version = 3

[[package]]
name = "confidence"
version = "0.1.0"

[[package]]
name = "detection"
version = "0.1.0"

[[package]]
name = "evidence-reader"
version = "0.1.0"

[[package]]
name = "forensic-api"
version = "0.1.0"

[[package]]
name = "forensic-core"
version = "0.1.0"

[[package]]
name = "forensic-tests"
version = "0.1.0"

[[package]]
name = "hashing"
version = "0.1.0"

[[package]]
name = "parser-cpplus-ubs"
version = "0.1.0"

[[package]]
name = "parser-dahua"
version = "0.1.0"

[[package]]
name = "parser-hikvision"
version = "0.1.0"

[[package]]
name = "parser-honeywell"
version = "0.1.0"

[[package]]
name = "parser-uniview"
version = "0.1.0"

[[package]]
name = "recovery"
version = "0.1.0"

[[package]]
name = "reporting"
version = "0.1.0"

[[package]]
name = "timeline"
version = "0.1.0"
